
Microsoft Visual Studio Solution File, Format Version 12.00
# Visual Studio Version 16
VisualStudioVersion = 16.0.30907.101
MinimumVisualStudioVersion = 10.0.40219.1
Project("{9A19103F-16F7-4668-BE54-9A1E7A4F7556}") = "Tarea3", "Tarea3.csproj", "{65348DB5-B0AD-4880-BF2E-787CA85EB8AB}"
EndProject
Global
	GlobalSection(SolutionConfigurationPlatforms) = preSolution
		Debug|Any CPU = Debug|Any CPU
		Release|Any CPU = Release|Any CPU
	EndGlobalSection
	GlobalSection(ProjectConfigurationPlatforms) = postSolution
		{65348DB5-B0AD-4880-BF2E-787CA85EB8AB}.Debug|Any CPU.ActiveCfg = Debug|Any CPU
		{65348DB5-B0AD-4880-BF2E-787CA85EB8AB}.Debug|Any CPU.Build.0 = Debug|Any CPU
		{65348DB5-B0AD-4880-BF2E-787CA85EB8AB}.Release|Any CPU.ActiveCfg = Release|Any CPU
		{65348DB5-B0AD-4880-BF2E-787CA85EB8AB}.Release|Any CPU.Build.0 = Release|Any CPU
	EndGlobalSection
	GlobalSection(SolutionProperties) = preSolution
		HideSolutionNode = FALSE
	EndGlobalSection
	GlobalSection(ExtensibilityGlobals) = postSolution
		SolutionGuid = {D0547EDC-A1EA-426E-AD86-5BACE6C6B786}
	EndGlobalSection
EndGlobal
